
Microsoft Visual Studio Solution File, Format Version 12.00
# Visual Studio Version 16
VisualStudioVersion = 16.0.30907.101
MinimumVisualStudioVersion = 10.0.40219.1
Project("{FAE04EC0-301F-11D3-BF4B-00C04F79EFBC}") = "Ventas", "Ventas.csproj", "{198291D2-F14C-4CF5-91BF-9E1B2CAA0FBE}"
EndProject
Global
	GlobalSection(SolutionConfigurationPlatforms) = preSolution
		Debug|Any CPU = Debug|Any CPU
		Release|Any CPU = Release|Any CPU
	EndGlobalSection
	GlobalSection(ProjectConfigurationPlatforms) = postSolution
		{198291D2-F14C-4CF5-91BF-9E1B2CAA0FBE}.Debug|Any CPU.ActiveCfg = Debug|Any CPU
		{198291D2-F14C-4CF5-91BF-9E1B2CAA0FBE}.Debug|Any CPU.Build.0 = Debug|Any CPU
		{198291D2-F14C-4CF5-91BF-9E1B2CAA0FBE}.Release|Any CPU.ActiveCfg = Release|Any CPU
		{198291D2-F14C-4CF5-91BF-9E1B2CAA0FBE}.Release|Any CPU.Build.0 = Release|Any CPU
	EndGlobalSection
	GlobalSection(SolutionProperties) = preSolution
		HideSolutionNode = FALSE
	EndGlobalSection
	GlobalSection(ExtensibilityGlobals) = postSolution
		SolutionGuid = {24CE3CAA-1A50-41F3-8B0E-932B1B9C3930}
	EndGlobalSection
EndGlobal
